
Microsoft Visual Studio Solution File, Format Version 12.00
# Visual Studio Version 17
VisualStudioVersion = 17.14.36603.0
MinimumVisualStudioVersion = 10.0.40219.1
Project("{8BC9CEB8-8B4A-11D0-8D11-00A0C91BC942}") = "a01_구조체와 포인터", "a01_구조체와 포인터\a01_구조체와 포인터.vcxproj", "{2321E763-0F51-433B-B268-F87922B98346}"
EndProject
Project("{8BC9CEB8-8B4A-11D0-8D11-00A0C91BC942}") = "a02_메모리 동적 할당", "a02_메모리 동적 할당\a02_메모리 동적 할당.vcxproj", "{8D9D43CE-D658-4A3A-886E-71B87F00BE1D}"
EndProject
Project("{8BC9CEB8-8B4A-11D0-8D11-00A0C91BC942}") = "a03_형변환과 범용포인터", "a03_형변환과 범용포인터\a03_형변환과 범용포인터.vcxproj", "{5A22EBCB-0A9A-4998-A219-DF45A9C1F341}"
EndProject
Project("{8BC9CEB8-8B4A-11D0-8D11-00A0C91BC942}") = "a04_함수 포인터에 대한 이해", "a04_함수 포인터에 대한 이해\a04_함수 포인터에 대한 이해.vcxproj", "{86765E6D-5D95-48DA-9A6D-2446FBD9466E}"
EndProject
Project("{8BC9CEB8-8B4A-11D0-8D11-00A0C91BC942}") = "b01_개인프로젝트", "b01_개인프로젝트\b01_개인프로젝트.vcxproj", "{E0F49169-55E4-46E0-8366-2407F276C21A}"
EndProject
Project("{8BC9CEB8-8B4A-11D0-8D11-00A0C91BC942}") = "a05_자기참조구조체", "a05_자기참조구조체\a05_자기참조구조체.vcxproj", "{4502BAF2-3662-4432-9F7E-D5CD69761700}"
EndProject
Project("{8BC9CEB8-8B4A-11D0-8D11-00A0C91BC942}") = "a06_구조체와 배열과 포인터", "a06_구조체와 배열과 포인터\a06_구조체와 배열과 포인터.vcxproj", "{D4D8E544-30A9-4A3D-8898-2185614BC5FB}"
EndProject
Project("{8BC9CEB8-8B4A-11D0-8D11-00A0C91BC942}") = "a07_파일 시스템 구현", "a07_파일 시스템 구현\a07_파일 시스템 구현.vcxproj", "{91705D0A-B42C-4C61-A3BF-4228C03ED6D0}"
EndProject
Project("{8BC9CEB8-8B4A-11D0-8D11-00A0C91BC942}") = "ToyProject_2", "ToyProject_2\ToyProject_2.vcxproj", "{6B03F5A6-573E-4321-BCC1-E40B26E805E8}"
EndProject
Project("{8BC9CEB8-8B4A-11D0-8D11-00A0C91BC942}") = "a10_Json 활용하기", "a10_Json 활용하기\a10_Json 활용하기.vcxproj", "{0B141FD0-3AEF-4840-963F-C4BC4CC6A054}"
EndProject
Project("{8BC9CEB8-8B4A-11D0-8D11-00A0C91BC942}") = "a11_json 쓰기(입력)", "a11_json 쓰기(입력)\a11_json 쓰기(입력).vcxproj", "{CFE847AB-5B76-4644-A26E-7CBFB239E0D2}"
EndProject
Project("{8BC9CEB8-8B4A-11D0-8D11-00A0C91BC942}") = "a12_컬러 와 사운드", "a12_컬러 와 사운드\a12_컬러 와 사운드.vcxproj", "{5E31B87B-3C3E-485B-B64F-0588A7BA2A24}"
EndProject
Global
	GlobalSection(SolutionConfigurationPlatforms) = preSolution
		Debug|x64 = Debug|x64
		Debug|x86 = Debug|x86
		Release|x64 = Release|x64
		Release|x86 = Release|x86
	EndGlobalSection
	GlobalSection(ProjectConfigurationPlatforms) = postSolution
		{2321E763-0F51-433B-B268-F87922B98346}.Debug|x64.ActiveCfg = Debug|x64
		{2321E763-0F51-433B-B268-F87922B98346}.Debug|x64.Build.0 = Debug|x64
		{2321E763-0F51-433B-B268-F87922B98346}.Debug|x86.ActiveCfg = Debug|Win32
		{2321E763-0F51-433B-B268-F87922B98346}.Debug|x86.Build.0 = Debug|Win32
		{2321E763-0F51-433B-B268-F87922B98346}.Release|x64.ActiveCfg = Release|x64
		{2321E763-0F51-433B-B268-F87922B98346}.Release|x64.Build.0 = Release|x64
		{2321E763-0F51-433B-B268-F87922B98346}.Release|x86.ActiveCfg = Release|Win32
		{2321E763-0F51-433B-B268-F87922B98346}.Release|x86.Build.0 = Release|Win32
		{8D9D43CE-D658-4A3A-886E-71B87F00BE1D}.Debug|x64.ActiveCfg = Debug|x64
		{8D9D43CE-D658-4A3A-886E-71B87F00BE1D}.Debug|x64.Build.0 = Debug|x64
		{8D9D43CE-D658-4A3A-886E-71B87F00BE1D}.Debug|x86.ActiveCfg = Debug|Win32
		{8D9D43CE-D658-4A3A-886E-71B87F00BE1D}.Debug|x86.Build.0 = Debug|Win32
		{8D9D43CE-D658-4A3A-886E-71B87F00BE1D}.Release|x64.ActiveCfg = Release|x64
		{8D9D43CE-D658-4A3A-886E-71B87F00BE1D}.Release|x64.Build.0 = Release|x64
		{8D9D43CE-D658-4A3A-886E-71B87F00BE1D}.Release|x86.ActiveCfg = Release|Win32
		{8D9D43CE-D658-4A3A-886E-71B87F00BE1D}.Release|x86.Build.0 = Release|Win32
		{5A22EBCB-0A9A-4998-A219-DF45A9C1F341}.Debug|x64.ActiveCfg = Debug|x64
		{5A22EBCB-0A9A-4998-A219-DF45A9C1F341}.Debug|x64.Build.0 = Debug|x64
		{5A22EBCB-0A9A-4998-A219-DF45A9C1F341}.Debug|x86.ActiveCfg = Debug|Win32
		{5A22EBCB-0A9A-4998-A219-DF45A9C1F341}.Debug|x86.Build.0 = Debug|Win32
		{5A22EBCB-0A9A-4998-A219-DF45A9C1F341}.Release|x64.ActiveCfg = Release|x64
		{5A22EBCB-0A9A-4998-A219-DF45A9C1F341}.Release|x64.Build.0 = Release|x64
		{5A22EBCB-0A9A-4998-A219-DF45A9C1F341}.Release|x86.ActiveCfg = Release|Win32
		{5A22EBCB-0A9A-4998-A219-DF45A9C1F341}.Release|x86.Build.0 = Release|Win32
		{86765E6D-5D95-48DA-9A6D-2446FBD9466E}.Debug|x64.ActiveCfg = Debug|x64
		{86765E6D-5D95-48DA-9A6D-2446FBD9466E}.Debug|x64.Build.0 = Debug|x64
		{86765E6D-5D95-48DA-9A6D-2446FBD9466E}.Debug|x86.ActiveCfg = Debug|Win32
		{86765E6D-5D95-48DA-9A6D-2446FBD9466E}.Debug|x86.Build.0 = Debug|Win32
		{86765E6D-5D95-48DA-9A6D-2446FBD9466E}.Release|x64.ActiveCfg = Release|x64
		{86765E6D-5D95-48DA-9A6D-2446FBD9466E}.Release|x64.Build.0 = Release|x64
		{86765E6D-5D95-48DA-9A6D-2446FBD9466E}.Release|x86.ActiveCfg = Release|Win32
		{86765E6D-5D95-48DA-9A6D-2446FBD9466E}.Release|x86.Build.0 = Release|Win32
		{E0F49169-55E4-46E0-8366-2407F276C21A}.Debug|x64.ActiveCfg = Debug|x64
		{E0F49169-55E4-46E0-8366-2407F276C21A}.Debug|x64.Build.0 = Debug|x64
		{E0F49169-55E4-46E0-8366-2407F276C21A}.Debug|x86.ActiveCfg = Debug|Win32
		{E0F49169-55E4-46E0-8366-2407F276C21A}.Debug|x86.Build.0 = Debug|Win32
		{E0F49169-55E4-46E0-8366-2407F276C21A}.Release|x64.ActiveCfg = Release|x64
		{E0F49169-55E4-46E0-8366-2407F276C21A}.Release|x64.Build.0 = Release|x64
		{E0F49169-55E4-46E0-8366-2407F276C21A}.Release|x86.ActiveCfg = Release|Win32
		{E0F49169-55E4-46E0-8366-2407F276C21A}.Release|x86.Build.0 = Release|Win32
		{4502BAF2-3662-4432-9F7E-D5CD69761700}.Debug|x64.ActiveCfg = Debug|x64
		{4502BAF2-3662-4432-9F7E-D5CD69761700}.Debug|x64.Build.0 = Debug|x64
		{4502BAF2-3662-4432-9F7E-D5CD69761700}.Debug|x86.ActiveCfg = Debug|Win32
		{4502BAF2-3662-4432-9F7E-D5CD69761700}.Debug|x86.Build.0 = Debug|Win32
		{4502BAF2-3662-4432-9F7E-D5CD69761700}.Release|x64.ActiveCfg = Release|x64
		{4502BAF2-3662-4432-9F7E-D5CD69761700}.Release|x64.Build.0 = Release|x64
		{4502BAF2-3662-4432-9F7E-D5CD69761700}.Release|x86.ActiveCfg = Release|Win32
		{4502BAF2-3662-4432-9F7E-D5CD69761700}.Release|x86.Build.0 = Release|Win32
		{D4D8E544-30A9-4A3D-8898-2185614BC5FB}.Debug|x64.ActiveCfg = Debug|x64
		{D4D8E544-30A9-4A3D-8898-2185614BC5FB}.Debug|x64.Build.0 = Debug|x64
		{D4D8E544-30A9-4A3D-8898-2185614BC5FB}.Debug|x86.ActiveCfg = Debug|Win32
		{D4D8E544-30A9-4A3D-8898-2185614BC5FB}.Debug|x86.Build.0 = Debug|Win32
		{D4D8E544-30A9-4A3D-8898-2185614BC5FB}.Release|x64.ActiveCfg = Release|x64
		{D4D8E544-30A9-4A3D-8898-2185614BC5FB}.Release|x64.Build.0 = Release|x64
		{D4D8E544-30A9-4A3D-8898-2185614BC5FB}.Release|x86.ActiveCfg = Release|Win32
		{D4D8E544-30A9-4A3D-8898-2185614BC5FB}.Release|x86.Build.0 = Release|Win32
		{91705D0A-B42C-4C61-A3BF-4228C03ED6D0}.Debug|x64.ActiveCfg = Debug|x64
		{91705D0A-B42C-4C61-A3BF-4228C03ED6D0}.Debug|x64.Build.0 = Debug|x64
		{91705D0A-B42C-4C61-A3BF-4228C03ED6D0}.Debug|x86.ActiveCfg = Debug|Win32
		{91705D0A-B42C-4C61-A3BF-4228C03ED6D0}.Debug|x86.Build.0 = Debug|Win32
		{91705D0A-B42C-4C61-A3BF-4228C03ED6D0}.Release|x64.ActiveCfg = Release|x64
		{91705D0A-B42C-4C61-A3BF-4228C03ED6D0}.Release|x64.Build.0 = Release|x64
		{91705D0A-B42C-4C61-A3BF-4228C03ED6D0}.Release|x86.ActiveCfg = Release|Win32
		{91705D0A-B42C-4C61-A3BF-4228C03ED6D0}.Release|x86.Build.0 = Release|Win32
		{6B03F5A6-573E-4321-BCC1-E40B26E805E8}.Debug|x64.ActiveCfg = Debug|x64
		{6B03F5A6-573E-4321-BCC1-E40B26E805E8}.Debug|x64.Build.0 = Debug|x64
		{6B03F5A6-573E-4321-BCC1-E40B26E805E8}.Debug|x86.ActiveCfg = Debug|Win32
		{6B03F5A6-573E-4321-BCC1-E40B26E805E8}.Debug|x86.Build.0 = Debug|Win32
		{6B03F5A6-573E-4321-BCC1-E40B26E805E8}.Release|x64.ActiveCfg = Release|x64
		{6B03F5A6-573E-4321-BCC1-E40B26E805E8}.Release|x64.Build.0 = Release|x64
		{6B03F5A6-573E-4321-BCC1-E40B26E805E8}.Release|x86.ActiveCfg = Release|Win32
		{6B03F5A6-573E-4321-BCC1-E40B26E805E8}.Release|x86.Build.0 = Release|Win32
		{0B141FD0-3AEF-4840-963F-C4BC4CC6A054}.Debug|x64.ActiveCfg = Debug|x64
		{0B141FD0-3AEF-4840-963F-C4BC4CC6A054}.Debug|x64.Build.0 = Debug|x64
		{0B141FD0-3AEF-4840-963F-C4BC4CC6A054}.Debug|x86.ActiveCfg = Debug|Win32
		{0B141FD0-3AEF-4840-963F-C4BC4CC6A054}.Debug|x86.Build.0 = Debug|Win32
		{0B141FD0-3AEF-4840-963F-C4BC4CC6A054}.Release|x64.ActiveCfg = Release|x64
		{0B141FD0-3AEF-4840-963F-C4BC4CC6A054}.Release|x64.Build.0 = Release|x64
		{0B141FD0-3AEF-4840-963F-C4BC4CC6A054}.Release|x86.ActiveCfg = Release|Win32
		{0B141FD0-3AEF-4840-963F-C4BC4CC6A054}.Release|x86.Build.0 = Release|Win32
		{CFE847AB-5B76-4644-A26E-7CBFB239E0D2}.Debug|x64.ActiveCfg = Debug|x64
		{CFE847AB-5B76-4644-A26E-7CBFB239E0D2}.Debug|x64.Build.0 = Debug|x64
		{CFE847AB-5B76-4644-A26E-7CBFB239E0D2}.Debug|x86.ActiveCfg = Debug|Win32
		{CFE847AB-5B76-4644-A26E-7CBFB239E0D2}.Debug|x86.Build.0 = Debug|Win32
		{CFE847AB-5B76-4644-A26E-7CBFB239E0D2}.Release|x64.ActiveCfg = Release|x64
		{CFE847AB-5B76-4644-A26E-7CBFB239E0D2}.Release|x64.Build.0 = Release|x64
		{CFE847AB-5B76-4644-A26E-7CBFB239E0D2}.Release|x86.ActiveCfg = Release|Win32
		{CFE847AB-5B76-4644-A26E-7CBFB239E0D2}.Release|x86.Build.0 = Release|Win32
		{5E31B87B-3C3E-485B-B64F-0588A7BA2A24}.Debug|x64.ActiveCfg = Debug|x64
		{5E31B87B-3C3E-485B-B64F-0588A7BA2A24}.Debug|x64.Build.0 = Debug|x64
		{5E31B87B-3C3E-485B-B64F-0588A7BA2A24}.Debug|x86.ActiveCfg = Debug|Win32
		{5E31B87B-3C3E-485B-B64F-0588A7BA2A24}.Debug|x86.Build.0 = Debug|Win32
		{5E31B87B-3C3E-485B-B64F-0588A7BA2A24}.Release|x64.ActiveCfg = Release|x64
		{5E31B87B-3C3E-485B-B64F-0588A7BA2A24}.Release|x64.Build.0 = Release|x64
		{5E31B87B-3C3E-485B-B64F-0588A7BA2A24}.Release|x86.ActiveCfg = Release|Win32
		{5E31B87B-3C3E-485B-B64F-0588A7BA2A24}.Release|x86.Build.0 = Release|Win32
	EndGlobalSection
	GlobalSection(SolutionProperties) = preSolution
		HideSolutionNode = FALSE
	EndGlobalSection
	GlobalSection(ExtensibilityGlobals) = postSolution
		SolutionGuid = {089DF9DF-45A4-482F-A8E5-671CC3A38E3E}
	EndGlobalSection
EndGlobal
